{
  "originHash" : "47172ebdecd5d0fbbbc7b41dbc0bb8b5da8e61290771c63a201adce2d5ba01b6",
  "pins" : [
    {
      "identity" : "shellkit",
      "kind" : "remoteSourceControl",
      "location" : "https://github.com/antoniopantaleo/ShellKit",
      "state" : {
        "branch" : "develop",
        "revision" : "dbcf7c7e5ac6f428e7fb3ac6e4b2cc924a5b3db7"
      }
    }
  ],
  "version" : 3
}
