{
  "pins" : [
    {
      "identity" : "shellkit",
      "kind" : "remoteSourceControl",
      "location" : "https://github.com/antoniopantaleo/ShellKit",
      "state" : {
        "revision" : "8795e378fbfcedcbe07ccc87c83474722d590c9e",
        "version" : "2.0.0"
      }
    }
  ],
  "version" : 2
}
