// !$*UTF8*$!
{
	archiveVersion = 1;
	classes = {
	};
	objectVersion = 56;
	objects = {

/* Begin PBXBuildFile section */
		A912DF2F2C5292CA00D4AA70 /* SpeedTestCore.docc in Sources */ = {isa = PBXBuildFile; fileRef = A912DF2E2C5292CA00D4AA70 /* SpeedTestCore.docc */; };
		A912DF352C5292CA00D4AA70 /* SpeedTestCore.framework in Frameworks */ = {isa = PBXBuildFile; fileRef = A912DF2B2C5292CA00D4AA70 /* SpeedTestCore.framework */; };
		A912DF3A2C5292CA00D4AA70 /* SpeedTestCoreTests.swift in Sources */ = {isa = PBXBuildFile; fileRef = A912DF392C5292CA00D4AA70 /* SpeedTestCoreTests.swift */; };
		A912DF432C5292E600D4AA70 /* Measurement.swift in Sources */ = {isa = PBXBuildFile; fileRef = A912DF422C5292E600D4AA70 /* Measurement.swift */; };
		A912DF462C52934200D4AA70 /* ShellKit in Frameworks */ = {isa = PBXBuildFile; productRef = A912DF452C52934200D4AA70 /* ShellKit */; };
		A912DF492C52D16400D4AA70 /* SpeedTester.swift in Sources */ = {isa = PBXBuildFile; fileRef = A912DF482C52D16400D4AA70 /* SpeedTester.swift */; };
		A912DF4B2C52D18500D4AA70 /* NetworkQualitySpeedTester.swift in Sources */ = {isa = PBXBuildFile; fileRef = A912DF4A2C52D18500D4AA70 /* NetworkQualitySpeedTester.swift */; };
		A912DF4D2C52D4E600D4AA70 /* NetworkQualitySpeedTestResult.swift in Sources */ = {isa = PBXBuildFile; fileRef = A912DF4C2C52D4E600D4AA70 /* NetworkQualitySpeedTestResult.swift */; };
		A912DF552C52D5B800D4AA70 /* SpeedTestMacOSApp.swift in Sources */ = {isa = PBXBuildFile; fileRef = A912DF542C52D5B800D4AA70 /* SpeedTestMacOSApp.swift */; };
		A912DF5B2C52D5B900D4AA70 /* Assets.xcassets in Resources */ = {isa = PBXBuildFile; fileRef = A912DF5A2C52D5B900D4AA70 /* Assets.xcassets */; };
		A912DF5E2C52D5B900D4AA70 /* Preview Assets.xcassets in Resources */ = {isa = PBXBuildFile; fileRef = A912DF5D2C52D5B900D4AA70 /* Preview Assets.xcassets */; };
		A912DF642C52D5C600D4AA70 /* SpeedTestCore.framework in Frameworks */ = {isa = PBXBuildFile; fileRef = A912DF2B2C5292CA00D4AA70 /* SpeedTestCore.framework */; };
		A912DF652C52D5C600D4AA70 /* SpeedTestCore.framework in Embed Frameworks */ = {isa = PBXBuildFile; fileRef = A912DF2B2C5292CA00D4AA70 /* SpeedTestCore.framework */; settings = {ATTRIBUTES = (CodeSignOnCopy, RemoveHeadersOnCopy, ); }; };
		A9B7DF4D2C59336100F38104 /* BitrateFormatter.swift in Sources */ = {isa = PBXBuildFile; fileRef = A9B7DF4C2C59336100F38104 /* BitrateFormatter.swift */; };
		A9B7DF4F2C59337300F38104 /* ByteCountBitrateFormatter.swift in Sources */ = {isa = PBXBuildFile; fileRef = A9B7DF4E2C59337300F38104 /* ByteCountBitrateFormatter.swift */; };
		A9D5FABD2C58C75900C44172 /* ViewModelTests.swift in Sources */ = {isa = PBXBuildFile; fileRef = A9D5FABC2C58C75900C44172 /* ViewModelTests.swift */; };
		A9D5FAC42C59026900C44172 /* ViewModel.swift in Sources */ = {isa = PBXBuildFile; fileRef = A9D5FAC32C59026900C44172 /* ViewModel.swift */; };
/* End PBXBuildFile section */

/* Begin PBXContainerItemProxy section */
		A912DF362C5292CA00D4AA70 /* PBXContainerItemProxy */ = {
			isa = PBXContainerItemProxy;
			containerPortal = A912DF032C52926100D4AA70 /* Project object */;
			proxyType = 1;
			remoteGlobalIDString = A912DF2A2C5292CA00D4AA70;
			remoteInfo = SpeedTestCore;
		};
		A912DF662C52D5C600D4AA70 /* PBXContainerItemProxy */ = {
			isa = PBXContainerItemProxy;
			containerPortal = A912DF032C52926100D4AA70 /* Project object */;
			proxyType = 1;
			remoteGlobalIDString = A912DF2A2C5292CA00D4AA70;
			remoteInfo = SpeedTestCore;
		};
		A9D5FABE2C58C75900C44172 /* PBXContainerItemProxy */ = {
			isa = PBXContainerItemProxy;
			containerPortal = A912DF032C52926100D4AA70 /* Project object */;
			proxyType = 1;
			remoteGlobalIDString = A912DF512C52D5B800D4AA70;
			remoteInfo = SpeedTestMacOS;
		};
/* End PBXContainerItemProxy section */

/* Begin PBXCopyFilesBuildPhase section */
		A912DF682C52D5C600D4AA70 /* Embed Frameworks */ = {
			isa = PBXCopyFilesBuildPhase;
			buildActionMask = 2147483647;
			dstPath = "";
			dstSubfolderSpec = 10;
			files = (
				A912DF652C52D5C600D4AA70 /* SpeedTestCore.framework in Embed Frameworks */,
			);
			name = "Embed Frameworks";
			runOnlyForDeploymentPostprocessing = 0;
		};
/* End PBXCopyFilesBuildPhase section */

/* Begin PBXFileReference section */
		A912DF2B2C5292CA00D4AA70 /* SpeedTestCore.framework */ = {isa = PBXFileReference; explicitFileType = wrapper.framework; includeInIndex = 0; path = SpeedTestCore.framework; sourceTree = BUILT_PRODUCTS_DIR; };
		A912DF2E2C5292CA00D4AA70 /* SpeedTestCore.docc */ = {isa = PBXFileReference; lastKnownFileType = folder.documentationcatalog; path = SpeedTestCore.docc; sourceTree = "<group>"; };
		A912DF342C5292CA00D4AA70 /* SpeedTestCoreTests.xctest */ = {isa = PBXFileReference; explicitFileType = wrapper.cfbundle; includeInIndex = 0; path = SpeedTestCoreTests.xctest; sourceTree = BUILT_PRODUCTS_DIR; };
		A912DF392C5292CA00D4AA70 /* SpeedTestCoreTests.swift */ = {isa = PBXFileReference; lastKnownFileType = sourcecode.swift; path = SpeedTestCoreTests.swift; sourceTree = "<group>"; };
		A912DF422C5292E600D4AA70 /* Measurement.swift */ = {isa = PBXFileReference; lastKnownFileType = sourcecode.swift; path = Measurement.swift; sourceTree = "<group>"; };
		A912DF482C52D16400D4AA70 /* SpeedTester.swift */ = {isa = PBXFileReference; lastKnownFileType = sourcecode.swift; path = SpeedTester.swift; sourceTree = "<group>"; };
		A912DF4A2C52D18500D4AA70 /* NetworkQualitySpeedTester.swift */ = {isa = PBXFileReference; lastKnownFileType = sourcecode.swift; path = NetworkQualitySpeedTester.swift; sourceTree = "<group>"; };
		A912DF4C2C52D4E600D4AA70 /* NetworkQualitySpeedTestResult.swift */ = {isa = PBXFileReference; lastKnownFileType = sourcecode.swift; path = NetworkQualitySpeedTestResult.swift; sourceTree = "<group>"; };
		A912DF522C52D5B800D4AA70 /* SpeedTestMacOS.app */ = {isa = PBXFileReference; explicitFileType = wrapper.application; includeInIndex = 0; path = SpeedTestMacOS.app; sourceTree = BUILT_PRODUCTS_DIR; };
		A912DF542C52D5B800D4AA70 /* SpeedTestMacOSApp.swift */ = {isa = PBXFileReference; lastKnownFileType = sourcecode.swift; path = SpeedTestMacOSApp.swift; sourceTree = "<group>"; };
		A912DF5A2C52D5B900D4AA70 /* Assets.xcassets */ = {isa = PBXFileReference; lastKnownFileType = folder.assetcatalog; path = Assets.xcassets; sourceTree = "<group>"; };
		A912DF5D2C52D5B900D4AA70 /* Preview Assets.xcassets */ = {isa = PBXFileReference; lastKnownFileType = folder.assetcatalog; path = "Preview Assets.xcassets"; sourceTree = "<group>"; };
		A912DF5F2C52D5B900D4AA70 /* SpeedTestMacOS.entitlements */ = {isa = PBXFileReference; lastKnownFileType = text.plist.entitlements; path = SpeedTestMacOS.entitlements; sourceTree = "<group>"; };
		A9B7DF4C2C59336100F38104 /* BitrateFormatter.swift */ = {isa = PBXFileReference; lastKnownFileType = sourcecode.swift; path = BitrateFormatter.swift; sourceTree = "<group>"; };
		A9B7DF4E2C59337300F38104 /* ByteCountBitrateFormatter.swift */ = {isa = PBXFileReference; lastKnownFileType = sourcecode.swift; path = ByteCountBitrateFormatter.swift; sourceTree = "<group>"; };
		A9B9E8232C54127700F77420 /* SpeedTestCore.xctestplan */ = {isa = PBXFileReference; lastKnownFileType = text; path = SpeedTestCore.xctestplan; sourceTree = "<group>"; };
		A9D5FABA2C58C75900C44172 /* SpeedTestMacOSTests.xctest */ = {isa = PBXFileReference; explicitFileType = wrapper.cfbundle; includeInIndex = 0; path = SpeedTestMacOSTests.xctest; sourceTree = BUILT_PRODUCTS_DIR; };
		A9D5FABC2C58C75900C44172 /* ViewModelTests.swift */ = {isa = PBXFileReference; lastKnownFileType = sourcecode.swift; path = ViewModelTests.swift; sourceTree = "<group>"; };
		A9D5FAC32C59026900C44172 /* ViewModel.swift */ = {isa = PBXFileReference; lastKnownFileType = sourcecode.swift; path = ViewModel.swift; sourceTree = "<group>"; };
/* End PBXFileReference section */

/* Begin PBXFrameworksBuildPhase section */
		A912DF282C5292CA00D4AA70 /* Frameworks */ = {
			isa = PBXFrameworksBuildPhase;
			buildActionMask = 2147483647;
			files = (
				A912DF462C52934200D4AA70 /* ShellKit in Frameworks */,
			);
			runOnlyForDeploymentPostprocessing = 0;
		};
		A912DF312C5292CA00D4AA70 /* Frameworks */ = {
			isa = PBXFrameworksBuildPhase;
			buildActionMask = 2147483647;
			files = (
				A912DF352C5292CA00D4AA70 /* SpeedTestCore.framework in Frameworks */,
			);
			runOnlyForDeploymentPostprocessing = 0;
		};
		A912DF4F2C52D5B800D4AA70 /* Frameworks */ = {
			isa = PBXFrameworksBuildPhase;
			buildActionMask = 2147483647;
			files = (
				A912DF642C52D5C600D4AA70 /* SpeedTestCore.framework in Frameworks */,
			);
			runOnlyForDeploymentPostprocessing = 0;
		};
		A9D5FAB72C58C75900C44172 /* Frameworks */ = {
			isa = PBXFrameworksBuildPhase;
			buildActionMask = 2147483647;
			files = (
			);
			runOnlyForDeploymentPostprocessing = 0;
		};
/* End PBXFrameworksBuildPhase section */

/* Begin PBXGroup section */
		A912DF022C52926100D4AA70 = {
			isa = PBXGroup;
			children = (
				A912DF2C2C5292CA00D4AA70 /* SpeedTestCore */,
				A912DF382C5292CA00D4AA70 /* SpeedTestCoreTests */,
				A912DF532C52D5B800D4AA70 /* SpeedTestMacOS */,
				A9D5FABB2C58C75900C44172 /* SpeedTestMacOSTests */,
				A912DF0D2C52926100D4AA70 /* Products */,
				A912DF632C52D5C600D4AA70 /* Frameworks */,
			);
			sourceTree = "<group>";
		};
		A912DF0D2C52926100D4AA70 /* Products */ = {
			isa = PBXGroup;
			children = (
				A912DF2B2C5292CA00D4AA70 /* SpeedTestCore.framework */,
				A912DF342C5292CA00D4AA70 /* SpeedTestCoreTests.xctest */,
				A912DF522C52D5B800D4AA70 /* SpeedTestMacOS.app */,
				A9D5FABA2C58C75900C44172 /* SpeedTestMacOSTests.xctest */,
			);
			name = Products;
			sourceTree = "<group>";
		};
		A912DF2C2C5292CA00D4AA70 /* SpeedTestCore */ = {
			isa = PBXGroup;
			children = (
				A912DF2E2C5292CA00D4AA70 /* SpeedTestCore.docc */,
				A912DF472C52D15500D4AA70 /* NetworkQuality */,
				A912DF422C5292E600D4AA70 /* Measurement.swift */,
				A912DF482C52D16400D4AA70 /* SpeedTester.swift */,
			);
			path = SpeedTestCore;
			sourceTree = "<group>";
		};
		A912DF382C5292CA00D4AA70 /* SpeedTestCoreTests */ = {
			isa = PBXGroup;
			children = (
				A912DF392C5292CA00D4AA70 /* SpeedTestCoreTests.swift */,
				A9B9E8232C54127700F77420 /* SpeedTestCore.xctestplan */,
			);
			path = SpeedTestCoreTests;
			sourceTree = "<group>";
		};
		A912DF472C52D15500D4AA70 /* NetworkQuality */ = {
			isa = PBXGroup;
			children = (
				A912DF4A2C52D18500D4AA70 /* NetworkQualitySpeedTester.swift */,
				A912DF4C2C52D4E600D4AA70 /* NetworkQualitySpeedTestResult.swift */,
			);
			path = NetworkQuality;
			sourceTree = "<group>";
		};
		A912DF532C52D5B800D4AA70 /* SpeedTestMacOS */ = {
			isa = PBXGroup;
			children = (
				A9B7DF4B2C59334B00F38104 /* BitrateFormatter */,
				A9B7DF4A2C590F6000F38104 /* Resources */,
				A912DF542C52D5B800D4AA70 /* SpeedTestMacOSApp.swift */,
				A9D5FAC32C59026900C44172 /* ViewModel.swift */,
			);
			path = SpeedTestMacOS;
			sourceTree = "<group>";
		};
		A912DF5C2C52D5B900D4AA70 /* Preview Content */ = {
			isa = PBXGroup;
			children = (
				A912DF5D2C52D5B900D4AA70 /* Preview Assets.xcassets */,
			);
			path = "Preview Content";
			sourceTree = "<group>";
		};
		A912DF632C52D5C600D4AA70 /* Frameworks */ = {
			isa = PBXGroup;
			children = (
			);
			name = Frameworks;
			sourceTree = "<group>";
		};
		A9B7DF4A2C590F6000F38104 /* Resources */ = {
			isa = PBXGroup;
			children = (
				A912DF5C2C52D5B900D4AA70 /* Preview Content */,
				A912DF5F2C52D5B900D4AA70 /* SpeedTestMacOS.entitlements */,
				A912DF5A2C52D5B900D4AA70 /* Assets.xcassets */,
			);
			path = Resources;
			sourceTree = "<group>";
		};
		A9B7DF4B2C59334B00F38104 /* BitrateFormatter */ = {
			isa = PBXGroup;
			children = (
				A9B7DF4C2C59336100F38104 /* BitrateFormatter.swift */,
				A9B7DF4E2C59337300F38104 /* ByteCountBitrateFormatter.swift */,
			);
			path = BitrateFormatter;
			sourceTree = "<group>";
		};
		A9D5FABB2C58C75900C44172 /* SpeedTestMacOSTests */ = {
			isa = PBXGroup;
			children = (
				A9D5FABC2C58C75900C44172 /* ViewModelTests.swift */,
			);
			path = SpeedTestMacOSTests;
			sourceTree = "<group>";
		};
/* End PBXGroup section */

/* Begin PBXHeadersBuildPhase section */
		A912DF262C5292CA00D4AA70 /* Headers */ = {
			isa = PBXHeadersBuildPhase;
			buildActionMask = 2147483647;
			files = (
			);
			runOnlyForDeploymentPostprocessing = 0;
		};
/* End PBXHeadersBuildPhase section */

/* Begin PBXNativeTarget section */
		A912DF2A2C5292CA00D4AA70 /* SpeedTestCore */ = {
			isa = PBXNativeTarget;
			buildConfigurationList = A912DF3C2C5292CA00D4AA70 /* Build configuration list for PBXNativeTarget "SpeedTestCore" */;
			buildPhases = (
				A912DF262C5292CA00D4AA70 /* Headers */,
				A912DF272C5292CA00D4AA70 /* Sources */,
				A912DF282C5292CA00D4AA70 /* Frameworks */,
				A912DF292C5292CA00D4AA70 /* Resources */,
			);
			buildRules = (
			);
			dependencies = (
			);
			name = SpeedTestCore;
			packageProductDependencies = (
				A912DF452C52934200D4AA70 /* ShellKit */,
			);
			productName = SpeedTestCore;
			productReference = A912DF2B2C5292CA00D4AA70 /* SpeedTestCore.framework */;
			productType = "com.apple.product-type.framework";
		};
		A912DF332C5292CA00D4AA70 /* SpeedTestCoreTests */ = {
			isa = PBXNativeTarget;
			buildConfigurationList = A912DF3F2C5292CA00D4AA70 /* Build configuration list for PBXNativeTarget "SpeedTestCoreTests" */;
			buildPhases = (
				A912DF302C5292CA00D4AA70 /* Sources */,
				A912DF312C5292CA00D4AA70 /* Frameworks */,
				A912DF322C5292CA00D4AA70 /* Resources */,
			);
			buildRules = (
			);
			dependencies = (
				A912DF372C5292CA00D4AA70 /* PBXTargetDependency */,
			);
			name = SpeedTestCoreTests;
			productName = SpeedTestCoreTests;
			productReference = A912DF342C5292CA00D4AA70 /* SpeedTestCoreTests.xctest */;
			productType = "com.apple.product-type.bundle.unit-test";
		};
		A912DF512C52D5B800D4AA70 /* SpeedTestMacOS */ = {
			isa = PBXNativeTarget;
			buildConfigurationList = A912DF602C52D5B900D4AA70 /* Build configuration list for PBXNativeTarget "SpeedTestMacOS" */;
			buildPhases = (
				A912DF4E2C52D5B800D4AA70 /* Sources */,
				A912DF4F2C52D5B800D4AA70 /* Frameworks */,
				A912DF502C52D5B800D4AA70 /* Resources */,
				A912DF682C52D5C600D4AA70 /* Embed Frameworks */,
			);
			buildRules = (
			);
			dependencies = (
				A912DF672C52D5C600D4AA70 /* PBXTargetDependency */,
			);
			name = SpeedTestMacOS;
			productName = SpeedTestMacOS;
			productReference = A912DF522C52D5B800D4AA70 /* SpeedTestMacOS.app */;
			productType = "com.apple.product-type.application";
		};
		A9D5FAB92C58C75900C44172 /* SpeedTestMacOSTests */ = {
			isa = PBXNativeTarget;
			buildConfigurationList = A9D5FAC22C58C75900C44172 /* Build configuration list for PBXNativeTarget "SpeedTestMacOSTests" */;
			buildPhases = (
				A9D5FAB62C58C75900C44172 /* Sources */,
				A9D5FAB72C58C75900C44172 /* Frameworks */,
				A9D5FAB82C58C75900C44172 /* Resources */,
			);
			buildRules = (
			);
			dependencies = (
				A9D5FABF2C58C75900C44172 /* PBXTargetDependency */,
			);
			name = SpeedTestMacOSTests;
			productName = SpeedTestMacOSTests;
			productReference = A9D5FABA2C58C75900C44172 /* SpeedTestMacOSTests.xctest */;
			productType = "com.apple.product-type.bundle.unit-test";
		};
/* End PBXNativeTarget section */

/* Begin PBXProject section */
		A912DF032C52926100D4AA70 /* Project object */ = {
			isa = PBXProject;
			attributes = {
				BuildIndependentTargetsInParallel = 1;
				LastSwiftUpdateCheck = 1540;
				LastUpgradeCheck = 1540;
				TargetAttributes = {
					A912DF2A2C5292CA00D4AA70 = {
						CreatedOnToolsVersion = 15.4;
					};
					A912DF332C5292CA00D4AA70 = {
						CreatedOnToolsVersion = 15.4;
					};
					A912DF512C52D5B800D4AA70 = {
						CreatedOnToolsVersion = 15.4;
					};
					A9D5FAB92C58C75900C44172 = {
						CreatedOnToolsVersion = 15.4;
						TestTargetID = A912DF512C52D5B800D4AA70;
					};
				};
			};
			buildConfigurationList = A912DF062C52926100D4AA70 /* Build configuration list for PBXProject "SpeedTest" */;
			compatibilityVersion = "Xcode 14.0";
			developmentRegion = en;
			hasScannedForEncodings = 0;
			knownRegions = (
				en,
				Base,
			);
			mainGroup = A912DF022C52926100D4AA70;
			packageReferences = (
				A912DF442C52934200D4AA70 /* XCRemoteSwiftPackageReference "ShellKit" */,
			);
			productRefGroup = A912DF0D2C52926100D4AA70 /* Products */;
			projectDirPath = "";
			projectRoot = "";
			targets = (
				A912DF512C52D5B800D4AA70 /* SpeedTestMacOS */,
				A9D5FAB92C58C75900C44172 /* SpeedTestMacOSTests */,
				A912DF2A2C5292CA00D4AA70 /* SpeedTestCore */,
				A912DF332C5292CA00D4AA70 /* SpeedTestCoreTests */,
			);
		};
/* End PBXProject section */

/* Begin PBXResourcesBuildPhase section */
		A912DF292C5292CA00D4AA70 /* Resources */ = {
			isa = PBXResourcesBuildPhase;
			buildActionMask = 2147483647;
			files = (
			);
			runOnlyForDeploymentPostprocessing = 0;
		};
		A912DF322C5292CA00D4AA70 /* Resources */ = {
			isa = PBXResourcesBuildPhase;
			buildActionMask = 2147483647;
			files = (
			);
			runOnlyForDeploymentPostprocessing = 0;
		};
		A912DF502C52D5B800D4AA70 /* Resources */ = {
			isa = PBXResourcesBuildPhase;
			buildActionMask = 2147483647;
			files = (
				A912DF5E2C52D5B900D4AA70 /* Preview Assets.xcassets in Resources */,
				A912DF5B2C52D5B900D4AA70 /* Assets.xcassets in Resources */,
			);
			runOnlyForDeploymentPostprocessing = 0;
		};
		A9D5FAB82C58C75900C44172 /* Resources */ = {
			isa = PBXResourcesBuildPhase;
			buildActionMask = 2147483647;
			files = (
			);
			runOnlyForDeploymentPostprocessing = 0;
		};
/* End PBXResourcesBuildPhase section */

/* Begin PBXSourcesBuildPhase section */
		A912DF272C5292CA00D4AA70 /* Sources */ = {
			isa = PBXSourcesBuildPhase;
			buildActionMask = 2147483647;
			files = (
				A912DF4D2C52D4E600D4AA70 /* NetworkQualitySpeedTestResult.swift in Sources */,
				A912DF492C52D16400D4AA70 /* SpeedTester.swift in Sources */,
				A912DF4B2C52D18500D4AA70 /* NetworkQualitySpeedTester.swift in Sources */,
				A912DF432C5292E600D4AA70 /* Measurement.swift in Sources */,
				A912DF2F2C5292CA00D4AA70 /* SpeedTestCore.docc in Sources */,
			);
			runOnlyForDeploymentPostprocessing = 0;
		};
		A912DF302C5292CA00D4AA70 /* Sources */ = {
			isa = PBXSourcesBuildPhase;
			buildActionMask = 2147483647;
			files = (
				A912DF3A2C5292CA00D4AA70 /* SpeedTestCoreTests.swift in Sources */,
			);
			runOnlyForDeploymentPostprocessing = 0;
		};
		A912DF4E2C52D5B800D4AA70 /* Sources */ = {
			isa = PBXSourcesBuildPhase;
			buildActionMask = 2147483647;
			files = (
				A912DF552C52D5B800D4AA70 /* SpeedTestMacOSApp.swift in Sources */,
				A9D5FAC42C59026900C44172 /* ViewModel.swift in Sources */,
				A9B7DF4F2C59337300F38104 /* ByteCountBitrateFormatter.swift in Sources */,
				A9B7DF4D2C59336100F38104 /* BitrateFormatter.swift in Sources */,
			);
			runOnlyForDeploymentPostprocessing = 0;
		};
		A9D5FAB62C58C75900C44172 /* Sources */ = {
			isa = PBXSourcesBuildPhase;
			buildActionMask = 2147483647;
			files = (
				A9D5FABD2C58C75900C44172 /* ViewModelTests.swift in Sources */,
			);
			runOnlyForDeploymentPostprocessing = 0;
		};
/* End PBXSourcesBuildPhase section */

/* Begin PBXTargetDependency section */
		A912DF372C5292CA00D4AA70 /* PBXTargetDependency */ = {
			isa = PBXTargetDependency;
			target = A912DF2A2C5292CA00D4AA70 /* SpeedTestCore */;
			targetProxy = A912DF362C5292CA00D4AA70 /* PBXContainerItemProxy */;
		};
		A912DF672C52D5C600D4AA70 /* PBXTargetDependency */ = {
			isa = PBXTargetDependency;
			target = A912DF2A2C5292CA00D4AA70 /* SpeedTestCore */;
			targetProxy = A912DF662C52D5C600D4AA70 /* PBXContainerItemProxy */;
		};
		A9D5FABF2C58C75900C44172 /* PBXTargetDependency */ = {
			isa = PBXTargetDependency;
			target = A912DF512C52D5B800D4AA70 /* SpeedTestMacOS */;
			targetProxy = A9D5FABE2C58C75900C44172 /* PBXContainerItemProxy */;
		};
/* End PBXTargetDependency section */

/* Begin XCBuildConfiguration section */
		A912DF1E2C52926100D4AA70 /* Debug */ = {
			isa = XCBuildConfiguration;
			buildSettings = {
				ALWAYS_SEARCH_USER_PATHS = NO;
				ASSETCATALOG_COMPILER_GENERATE_SWIFT_ASSET_SYMBOL_EXTENSIONS = YES;
				CLANG_ANALYZER_NONNULL = YES;
				CLANG_ANALYZER_NUMBER_OBJECT_CONVERSION = YES_AGGRESSIVE;
				CLANG_CXX_LANGUAGE_STANDARD = "gnu++20";
				CLANG_ENABLE_MODULES = YES;
				CLANG_ENABLE_OBJC_ARC = YES;
				CLANG_ENABLE_OBJC_WEAK = YES;
				CLANG_WARN_BLOCK_CAPTURE_AUTORELEASING = YES;
				CLANG_WARN_BOOL_CONVERSION = YES;
				CLANG_WARN_COMMA = YES;
				CLANG_WARN_CONSTANT_CONVERSION = YES;
				CLANG_WARN_DEPRECATED_OBJC_IMPLEMENTATIONS = YES;
				CLANG_WARN_DIRECT_OBJC_ISA_USAGE = YES_ERROR;
				CLANG_WARN_DOCUMENTATION_COMMENTS = YES;
				CLANG_WARN_EMPTY_BODY = YES;
				CLANG_WARN_ENUM_CONVERSION = YES;
				CLANG_WARN_INFINITE_RECURSION = YES;
				CLANG_WARN_INT_CONVERSION = YES;
				CLANG_WARN_NON_LITERAL_NULL_CONVERSION = YES;
				CLANG_WARN_OBJC_IMPLICIT_RETAIN_SELF = YES;
				CLANG_WARN_OBJC_LITERAL_CONVERSION = YES;
				CLANG_WARN_OBJC_ROOT_CLASS = YES_ERROR;
				CLANG_WARN_QUOTED_INCLUDE_IN_FRAMEWORK_HEADER = YES;
				CLANG_WARN_RANGE_LOOP_ANALYSIS = YES;
				CLANG_WARN_STRICT_PROTOTYPES = YES;
				CLANG_WARN_SUSPICIOUS_MOVE = YES;
				CLANG_WARN_UNGUARDED_AVAILABILITY = YES_AGGRESSIVE;
				CLANG_WARN_UNREACHABLE_CODE = YES;
				CLANG_WARN__DUPLICATE_METHOD_MATCH = YES;
				COPY_PHASE_STRIP = NO;
				CURRENT_PROJECT_VERSION = 1;
				DEBUG_INFORMATION_FORMAT = dwarf;
				ENABLE_STRICT_OBJC_MSGSEND = YES;
				ENABLE_TESTABILITY = YES;
				ENABLE_USER_SCRIPT_SANDBOXING = YES;
				GCC_C_LANGUAGE_STANDARD = gnu17;
				GCC_DYNAMIC_NO_PIC = NO;
				GCC_NO_COMMON_BLOCKS = YES;
				GCC_OPTIMIZATION_LEVEL = 0;
				GCC_PREPROCESSOR_DEFINITIONS = (
					"DEBUG=1",
					"$(inherited)",
				);
				GCC_WARN_64_TO_32_BIT_CONVERSION = YES;
				GCC_WARN_ABOUT_RETURN_TYPE = YES_ERROR;
				GCC_WARN_UNDECLARED_SELECTOR = YES;
				GCC_WARN_UNINITIALIZED_AUTOS = YES_AGGRESSIVE;
				GCC_WARN_UNUSED_FUNCTION = YES;
				GCC_WARN_UNUSED_VARIABLE = YES;
				LOCALIZATION_PREFERS_STRING_CATALOGS = YES;
				MACOSX_DEPLOYMENT_TARGET = 14.0;
				MTL_ENABLE_DEBUG_INFO = INCLUDE_SOURCE;
				MTL_FAST_MATH = YES;
				ONLY_ACTIVE_ARCH = YES;
				SDKROOT = macosx;
				SWIFT_ACTIVE_COMPILATION_CONDITIONS = "DEBUG $(inherited)";
				SWIFT_OPTIMIZATION_LEVEL = "-Onone";
				VERSIONING_SYSTEM = "apple-generic";
				VERSION_INFO_PREFIX = "";
			};
			name = Debug;
		};
		A912DF1F2C52926100D4AA70 /* Release */ = {
			isa = XCBuildConfiguration;
			buildSettings = {
				ALWAYS_SEARCH_USER_PATHS = NO;
				ASSETCATALOG_COMPILER_GENERATE_SWIFT_ASSET_SYMBOL_EXTENSIONS = YES;
				CLANG_ANALYZER_NONNULL = YES;
				CLANG_ANALYZER_NUMBER_OBJECT_CONVERSION = YES_AGGRESSIVE;
				CLANG_CXX_LANGUAGE_STANDARD = "gnu++20";
				CLANG_ENABLE_MODULES = YES;
				CLANG_ENABLE_OBJC_ARC = YES;
				CLANG_ENABLE_OBJC_WEAK = YES;
				CLANG_WARN_BLOCK_CAPTURE_AUTORELEASING = YES;
				CLANG_WARN_BOOL_CONVERSION = YES;
				CLANG_WARN_COMMA = YES;
				CLANG_WARN_CONSTANT_CONVERSION = YES;
				CLANG_WARN_DEPRECATED_OBJC_IMPLEMENTATIONS = YES;
				CLANG_WARN_DIRECT_OBJC_ISA_USAGE = YES_ERROR;
				CLANG_WARN_DOCUMENTATION_COMMENTS = YES;
				CLANG_WARN_EMPTY_BODY = YES;
				CLANG_WARN_ENUM_CONVERSION = YES;
				CLANG_WARN_INFINITE_RECURSION = YES;
				CLANG_WARN_INT_CONVERSION = YES;
				CLANG_WARN_NON_LITERAL_NULL_CONVERSION = YES;
				CLANG_WARN_OBJC_IMPLICIT_RETAIN_SELF = YES;
				CLANG_WARN_OBJC_LITERAL_CONVERSION = YES;
				CLANG_WARN_OBJC_ROOT_CLASS = YES_ERROR;
				CLANG_WARN_QUOTED_INCLUDE_IN_FRAMEWORK_HEADER = YES;
				CLANG_WARN_RANGE_LOOP_ANALYSIS = YES;
				CLANG_WARN_STRICT_PROTOTYPES = YES;
				CLANG_WARN_SUSPICIOUS_MOVE = YES;
				CLANG_WARN_UNGUARDED_AVAILABILITY = YES_AGGRESSIVE;
				CLANG_WARN_UNREACHABLE_CODE = YES;
				CLANG_WARN__DUPLICATE_METHOD_MATCH = YES;
				COPY_PHASE_STRIP = NO;
				CURRENT_PROJECT_VERSION = 1;
				DEBUG_INFORMATION_FORMAT = "dwarf-with-dsym";
				ENABLE_NS_ASSERTIONS = NO;
				ENABLE_STRICT_OBJC_MSGSEND = YES;
				ENABLE_USER_SCRIPT_SANDBOXING = YES;
				GCC_C_LANGUAGE_STANDARD = gnu17;
				GCC_NO_COMMON_BLOCKS = YES;
				GCC_WARN_64_TO_32_BIT_CONVERSION = YES;
				GCC_WARN_ABOUT_RETURN_TYPE = YES_ERROR;
				GCC_WARN_UNDECLARED_SELECTOR = YES;
				GCC_WARN_UNINITIALIZED_AUTOS = YES_AGGRESSIVE;
				GCC_WARN_UNUSED_FUNCTION = YES;
				GCC_WARN_UNUSED_VARIABLE = YES;
				LOCALIZATION_PREFERS_STRING_CATALOGS = YES;
				MACOSX_DEPLOYMENT_TARGET = 14.0;
				MTL_ENABLE_DEBUG_INFO = NO;
				MTL_FAST_MATH = YES;
				SDKROOT = macosx;
				SWIFT_COMPILATION_MODE = wholemodule;
				VERSIONING_SYSTEM = "apple-generic";
				VERSION_INFO_PREFIX = "";
			};
			name = Release;
		};
		A912DF3D2C5292CA00D4AA70 /* Debug */ = {
			isa = XCBuildConfiguration;
			buildSettings = {
				BUILD_LIBRARY_FOR_DISTRIBUTION = YES;
				CODE_SIGN_STYLE = Automatic;
				COMBINE_HIDPI_IMAGES = YES;
				CURRENT_PROJECT_VERSION = 1;
				DEFINES_MODULE = YES;
				DEVELOPMENT_TEAM = GGSASZ9YEF;
				DYLIB_COMPATIBILITY_VERSION = 1;
				DYLIB_CURRENT_VERSION = 1;
				DYLIB_INSTALL_NAME_BASE = "@rpath";
				ENABLE_MODULE_VERIFIER = YES;
				GENERATE_INFOPLIST_FILE = YES;
				INFOPLIST_KEY_NSHumanReadableCopyright = "";
				INSTALL_PATH = "$(LOCAL_LIBRARY_DIR)/Frameworks";
				LD_RUNPATH_SEARCH_PATHS = (
					"$(inherited)",
					"@executable_path/../Frameworks",
					"@loader_path/Frameworks",
				);
				MACOSX_DEPLOYMENT_TARGET = 14.0;
				MARKETING_VERSION = 1.0;
				MODULE_VERIFIER_SUPPORTED_LANGUAGES = "objective-c objective-c++";
				MODULE_VERIFIER_SUPPORTED_LANGUAGE_STANDARDS = "gnu17 gnu++20";
				PRODUCT_BUNDLE_IDENTIFIER = com.antoniopantaleo.SpeedTest.SpeedTestCore;
				PRODUCT_NAME = "$(TARGET_NAME:c99extidentifier)";
				SKIP_INSTALL = YES;
				SWIFT_EMIT_LOC_STRINGS = YES;
				SWIFT_INSTALL_OBJC_HEADER = NO;
				SWIFT_VERSION = 5.0;
			};
			name = Debug;
		};
		A912DF3E2C5292CA00D4AA70 /* Release */ = {
			isa = XCBuildConfiguration;
			buildSettings = {
				BUILD_LIBRARY_FOR_DISTRIBUTION = YES;
				CODE_SIGN_STYLE = Automatic;
				COMBINE_HIDPI_IMAGES = YES;
				CURRENT_PROJECT_VERSION = 1;
				DEFINES_MODULE = YES;
				DEVELOPMENT_TEAM = GGSASZ9YEF;
				DYLIB_COMPATIBILITY_VERSION = 1;
				DYLIB_CURRENT_VERSION = 1;
				DYLIB_INSTALL_NAME_BASE = "@rpath";
				ENABLE_MODULE_VERIFIER = YES;
				GENERATE_INFOPLIST_FILE = YES;
				INFOPLIST_KEY_NSHumanReadableCopyright = "";
				INSTALL_PATH = "$(LOCAL_LIBRARY_DIR)/Frameworks";
				LD_RUNPATH_SEARCH_PATHS = (
					"$(inherited)",
					"@executable_path/../Frameworks",
					"@loader_path/Frameworks",
				);
				MACOSX_DEPLOYMENT_TARGET = 14.0;
				MARKETING_VERSION = 1.0;
				MODULE_VERIFIER_SUPPORTED_LANGUAGES = "objective-c objective-c++";
				MODULE_VERIFIER_SUPPORTED_LANGUAGE_STANDARDS = "gnu17 gnu++20";
				PRODUCT_BUNDLE_IDENTIFIER = com.antoniopantaleo.SpeedTest.SpeedTestCore;
				PRODUCT_NAME = "$(TARGET_NAME:c99extidentifier)";
				SKIP_INSTALL = YES;
				SWIFT_EMIT_LOC_STRINGS = YES;
				SWIFT_INSTALL_OBJC_HEADER = NO;
				SWIFT_VERSION = 5.0;
			};
			name = Release;
		};
		A912DF402C5292CA00D4AA70 /* Debug */ = {
			isa = XCBuildConfiguration;
			buildSettings = {
				ALWAYS_EMBED_SWIFT_STANDARD_LIBRARIES = YES;
				CODE_SIGN_STYLE = Automatic;
				CURRENT_PROJECT_VERSION = 1;
				DEVELOPMENT_TEAM = GGSASZ9YEF;
				GENERATE_INFOPLIST_FILE = YES;
				MACOSX_DEPLOYMENT_TARGET = 14.0;
				MARKETING_VERSION = 1.0;
				PRODUCT_BUNDLE_IDENTIFIER = com.antoniopantaleo.SpeedTest.SpeedTestCoreTests;
				PRODUCT_NAME = "$(TARGET_NAME)";
				SWIFT_EMIT_LOC_STRINGS = NO;
				SWIFT_VERSION = 5.0;
			};
			name = Debug;
		};
		A912DF412C5292CA00D4AA70 /* Release */ = {
			isa = XCBuildConfiguration;
			buildSettings = {
				ALWAYS_EMBED_SWIFT_STANDARD_LIBRARIES = YES;
				CODE_SIGN_STYLE = Automatic;
				CURRENT_PROJECT_VERSION = 1;
				DEVELOPMENT_TEAM = GGSASZ9YEF;
				GENERATE_INFOPLIST_FILE = YES;
				MACOSX_DEPLOYMENT_TARGET = 14.0;
				MARKETING_VERSION = 1.0;
				PRODUCT_BUNDLE_IDENTIFIER = com.antoniopantaleo.SpeedTest.SpeedTestCoreTests;
				PRODUCT_NAME = "$(TARGET_NAME)";
				SWIFT_EMIT_LOC_STRINGS = NO;
				SWIFT_VERSION = 5.0;
			};
			name = Release;
		};
		A912DF612C52D5B900D4AA70 /* Debug */ = {
			isa = XCBuildConfiguration;
			buildSettings = {
				ASSETCATALOG_COMPILER_APPICON_NAME = AppIcon;
				ASSETCATALOG_COMPILER_GLOBAL_ACCENT_COLOR_NAME = AccentColor;
				CODE_SIGN_ENTITLEMENTS = SpeedTestMacOS/Resources/SpeedTestMacOS.entitlements;
				CODE_SIGN_STYLE = Automatic;
				COMBINE_HIDPI_IMAGES = YES;
				CURRENT_PROJECT_VERSION = 1;
				DEVELOPMENT_ASSET_PATHS = "\"SpeedTestMacOS/Resources/Preview Content\"";
				DEVELOPMENT_TEAM = GGSASZ9YEF;
				ENABLE_HARDENED_RUNTIME = YES;
				ENABLE_PREVIEWS = YES;
				GENERATE_INFOPLIST_FILE = YES;
				INFOPLIST_KEY_NSHumanReadableCopyright = "";
				LD_RUNPATH_SEARCH_PATHS = (
					"$(inherited)",
					"@executable_path/../Frameworks",
				);
				MACOSX_DEPLOYMENT_TARGET = 14.0;
				MARKETING_VERSION = 1.0;
				PRODUCT_BUNDLE_IDENTIFIER = com.antoniopantaleo.SpeedTest.SpeedTestMacOS;
				PRODUCT_NAME = "$(TARGET_NAME)";
				SWIFT_EMIT_LOC_STRINGS = YES;
				SWIFT_VERSION = 5.0;
			};
			name = Debug;
		};
		A912DF622C52D5B900D4AA70 /* Release */ = {
			isa = XCBuildConfiguration;
			buildSettings = {
				ASSETCATALOG_COMPILER_APPICON_NAME = AppIcon;
				ASSETCATALOG_COMPILER_GLOBAL_ACCENT_COLOR_NAME = AccentColor;
				CODE_SIGN_ENTITLEMENTS = SpeedTestMacOS/Resources/SpeedTestMacOS.entitlements;
				CODE_SIGN_STYLE = Automatic;
				COMBINE_HIDPI_IMAGES = YES;
				CURRENT_PROJECT_VERSION = 1;
				DEVELOPMENT_ASSET_PATHS = "\"SpeedTestMacOS/Resources/Preview Content\"";
				DEVELOPMENT_TEAM = GGSASZ9YEF;
				ENABLE_HARDENED_RUNTIME = YES;
				ENABLE_PREVIEWS = YES;
				GENERATE_INFOPLIST_FILE = YES;
				INFOPLIST_FILE = SpeedTestMacOS/Info.plist;
				INFOPLIST_KEY_NSHumanReadableCopyright = "";
				LD_RUNPATH_SEARCH_PATHS = (
					"$(inherited)",
					"@executable_path/../Frameworks",
				);
				MACOSX_DEPLOYMENT_TARGET = 14.0;
				MARKETING_VERSION = 1.0;
				PRODUCT_BUNDLE_IDENTIFIER = com.antoniopantaleo.SpeedTest.SpeedTestMacOS;
				PRODUCT_NAME = "$(TARGET_NAME)";
				SWIFT_EMIT_LOC_STRINGS = YES;
				SWIFT_VERSION = 5.0;
			};
			name = Release;
		};
		A9D5FAC02C58C75900C44172 /* Debug */ = {
			isa = XCBuildConfiguration;
			buildSettings = {
				BUNDLE_LOADER = "$(TEST_HOST)";
				CODE_SIGN_STYLE = Automatic;
				CURRENT_PROJECT_VERSION = 1;
				DEVELOPMENT_TEAM = GGSASZ9YEF;
				GENERATE_INFOPLIST_FILE = YES;
				MACOSX_DEPLOYMENT_TARGET = 14.0;
				MARKETING_VERSION = 1.0;
				PRODUCT_BUNDLE_IDENTIFIER = com.antoniopantaleo.SpeedTest.SpeedTestMacOSTests;
				PRODUCT_NAME = "$(TARGET_NAME)";
				SWIFT_EMIT_LOC_STRINGS = NO;
				SWIFT_VERSION = 5.0;
				TEST_HOST = "$(BUILT_PRODUCTS_DIR)/SpeedTestMacOS.app/$(BUNDLE_EXECUTABLE_FOLDER_PATH)/SpeedTestMacOS";
			};
			name = Debug;
		};
		A9D5FAC12C58C75900C44172 /* Release */ = {
			isa = XCBuildConfiguration;
			buildSettings = {
				BUNDLE_LOADER = "$(TEST_HOST)";
				CODE_SIGN_STYLE = Automatic;
				CURRENT_PROJECT_VERSION = 1;
				DEVELOPMENT_TEAM = GGSASZ9YEF;
				GENERATE_INFOPLIST_FILE = YES;
				MACOSX_DEPLOYMENT_TARGET = 14.0;
				MARKETING_VERSION = 1.0;
				PRODUCT_BUNDLE_IDENTIFIER = com.antoniopantaleo.SpeedTest.SpeedTestMacOSTests;
				PRODUCT_NAME = "$(TARGET_NAME)";
				SWIFT_EMIT_LOC_STRINGS = NO;
				SWIFT_VERSION = 5.0;
				TEST_HOST = "$(BUILT_PRODUCTS_DIR)/SpeedTestMacOS.app/$(BUNDLE_EXECUTABLE_FOLDER_PATH)/SpeedTestMacOS";
			};
			name = Release;
		};
/* End XCBuildConfiguration section */

/* Begin XCConfigurationList section */
		A912DF062C52926100D4AA70 /* Build configuration list for PBXProject "SpeedTest" */ = {
			isa = XCConfigurationList;
			buildConfigurations = (
				A912DF1E2C52926100D4AA70 /* Debug */,
				A912DF1F2C52926100D4AA70 /* Release */,
			);
			defaultConfigurationIsVisible = 0;
			defaultConfigurationName = Release;
		};
		A912DF3C2C5292CA00D4AA70 /* Build configuration list for PBXNativeTarget "SpeedTestCore" */ = {
			isa = XCConfigurationList;
			buildConfigurations = (
				A912DF3D2C5292CA00D4AA70 /* Debug */,
				A912DF3E2C5292CA00D4AA70 /* Release */,
			);
			defaultConfigurationIsVisible = 0;
			defaultConfigurationName = Release;
		};
		A912DF3F2C5292CA00D4AA70 /* Build configuration list for PBXNativeTarget "SpeedTestCoreTests" */ = {
			isa = XCConfigurationList;
			buildConfigurations = (
				A912DF402C5292CA00D4AA70 /* Debug */,
				A912DF412C5292CA00D4AA70 /* Release */,
			);
			defaultConfigurationIsVisible = 0;
			defaultConfigurationName = Release;
		};
		A912DF602C52D5B900D4AA70 /* Build configuration list for PBXNativeTarget "SpeedTestMacOS" */ = {
			isa = XCConfigurationList;
			buildConfigurations = (
				A912DF612C52D5B900D4AA70 /* Debug */,
				A912DF622C52D5B900D4AA70 /* Release */,
			);
			defaultConfigurationIsVisible = 0;
			defaultConfigurationName = Release;
		};
		A9D5FAC22C58C75900C44172 /* Build configuration list for PBXNativeTarget "SpeedTestMacOSTests" */ = {
			isa = XCConfigurationList;
			buildConfigurations = (
				A9D5FAC02C58C75900C44172 /* Debug */,
				A9D5FAC12C58C75900C44172 /* Release */,
			);
			defaultConfigurationIsVisible = 0;
			defaultConfigurationName = Release;
		};
/* End XCConfigurationList section */

/* Begin XCRemoteSwiftPackageReference section */
		A912DF442C52934200D4AA70 /* XCRemoteSwiftPackageReference "ShellKit" */ = {
			isa = XCRemoteSwiftPackageReference;
			repositoryURL = "https://github.com/antoniopantaleo/ShellKit";
			requirement = {
				kind = upToNextMajorVersion;
				minimumVersion = 2.0.0;
			};
		};
/* End XCRemoteSwiftPackageReference section */

/* Begin XCSwiftPackageProductDependency section */
		A912DF452C52934200D4AA70 /* ShellKit */ = {
			isa = XCSwiftPackageProductDependency;
			package = A912DF442C52934200D4AA70 /* XCRemoteSwiftPackageReference "ShellKit" */;
			productName = ShellKit;
		};
/* End XCSwiftPackageProductDependency section */
	};
	rootObject = A912DF032C52926100D4AA70 /* Project object */;
}
